
Microsoft Visual Studio Solution File, Format Version 12.00
# Visual Studio Version 17
VisualStudioVersion = 17.4.33403.182
MinimumVisualStudioVersion = 10.0.40219.1
Project("{9A19103F-16F7-4668-BE54-9A1E7A4F7556}") = "Queue VS Stack Plus LinkedList", "Queue VS Stack\Queue VS Stack Plus LinkedList.csproj", "{BB6AFD4F-B9BA-4D69-9A4F-8E7D222E80EE}"
EndProject
Global
	GlobalSection(SolutionConfigurationPlatforms) = preSolution
		Debug|Any CPU = Debug|Any CPU
		Release|Any CPU = Release|Any CPU
	EndGlobalSection
	GlobalSection(ProjectConfigurationPlatforms) = postSolution
		{BB6AFD4F-B9BA-4D69-9A4F-8E7D222E80EE}.Debug|Any CPU.ActiveCfg = Debug|Any CPU
		{BB6AFD4F-B9BA-4D69-9A4F-8E7D222E80EE}.Debug|Any CPU.Build.0 = Debug|Any CPU
		{BB6AFD4F-B9BA-4D69-9A4F-8E7D222E80EE}.Release|Any CPU.ActiveCfg = Release|Any CPU
		{BB6AFD4F-B9BA-4D69-9A4F-8E7D222E80EE}.Release|Any CPU.Build.0 = Release|Any CPU
	EndGlobalSection
	GlobalSection(SolutionProperties) = preSolution
		HideSolutionNode = FALSE
	EndGlobalSection
	GlobalSection(ExtensibilityGlobals) = postSolution
		SolutionGuid = {BBAF7841-782D-4660-BCAE-DF8E85B74DFE}
	EndGlobalSection
EndGlobal
